// !$*UTF8*$!
{
	archiveVersion = 1;
	classes = {
	};
	objectVersion = 50;
	objects = {

/* Begin PBXBuildFile section */
		F89644FD2481567C000150BA /* AppDelegate.swift in Sources */ = {isa = PBXBuildFile; fileRef = F89644FC2481567C000150BA /* AppDelegate.swift */; };
		F89644FF2481567C000150BA /* SceneDelegate.swift in Sources */ = {isa = PBXBuildFile; fileRef = F89644FE2481567C000150BA /* SceneDelegate.swift */; };
		F89645012481567C000150BA /* ViewController.swift in Sources */ = {isa = PBXBuildFile; fileRef = F89645002481567C000150BA /* ViewController.swift */; };
		F89645042481567C000150BA /* Main.storyboard in Resources */ = {isa = PBXBuildFile; fileRef = F89645022481567C000150BA /* Main.storyboard */; };
		F89645062481567C000150BA /* Assets.xcassets in Resources */ = {isa = PBXBuildFile; fileRef = F89645052481567C000150BA /* Assets.xcassets */; };
		F89645092481567C000150BA /* LaunchScreen.storyboard in Resources */ = {isa = PBXBuildFile; fileRef = F89645072481567C000150BA /* LaunchScreen.storyboard */; };
		F8A1421E24841C30005DE0C6 /* RGB_InfoViewController.swift in Sources */ = {isa = PBXBuildFile; fileRef = F8A1421D24841C30005DE0C6 /* RGB_InfoViewController.swift */; };
		F8A1422124841D37005DE0C6 /* WebKit.framework in Frameworks */ = {isa = PBXBuildFile; fileRef = F8A1422024841D37005DE0C6 /* WebKit.framework */; };
/* End PBXBuildFile section */

/* Begin PBXFileReference section */
		F89644F92481567C000150BA /* RGB Color Picker.app */ = {isa = PBXFileReference; explicitFileType = wrapper.application; includeInIndex = 0; path = "RGB Color Picker.app"; sourceTree = BUILT_PRODUCTS_DIR; };
		F89644FC2481567C000150BA /* AppDelegate.swift */ = {isa = PBXFileReference; lastKnownFileType = sourcecode.swift; path = AppDelegate.swift; sourceTree = "<group>"; };
		F89644FE2481567C000150BA /* SceneDelegate.swift */ = {isa = PBXFileReference; lastKnownFileType = sourcecode.swift; path = SceneDelegate.swift; sourceTree = "<group>"; };
		F89645002481567C000150BA /* ViewController.swift */ = {isa = PBXFileReference; lastKnownFileType = sourcecode.swift; path = ViewController.swift; sourceTree = "<group>"; };
		F89645032481567C000150BA /* Base */ = {isa = PBXFileReference; lastKnownFileType = file.storyboard; name = Base; path = Base.lproj/Main.storyboard; sourceTree = "<group>"; };
		F89645052481567C000150BA /* Assets.xcassets */ = {isa = PBXFileReference; lastKnownFileType = folder.assetcatalog; path = Assets.xcassets; sourceTree = "<group>"; };
		F89645082481567C000150BA /* Base */ = {isa = PBXFileReference; lastKnownFileType = file.storyboard; name = Base; path = Base.lproj/LaunchScreen.storyboard; sourceTree = "<group>"; };
		F896450A2481567C000150BA /* Info.plist */ = {isa = PBXFileReference; lastKnownFileType = text.plist.xml; path = Info.plist; sourceTree = "<group>"; };
		F8A1421D24841C30005DE0C6 /* RGB_InfoViewController.swift */ = {isa = PBXFileReference; lastKnownFileType = sourcecode.swift; path = RGB_InfoViewController.swift; sourceTree = "<group>"; };
		F8A1422024841D37005DE0C6 /* WebKit.framework */ = {isa = PBXFileReference; lastKnownFileType = wrapper.framework; name = WebKit.framework; path = System/Library/Frameworks/WebKit.framework; sourceTree = SDKROOT; };
/* End PBXFileReference section */

/* Begin PBXFrameworksBuildPhase section */
		F89644F62481567C000150BA /* Frameworks */ = {
			isa = PBXFrameworksBuildPhase;
			buildActionMask = 2147483647;
			files = (
				F8A1422124841D37005DE0C6 /* WebKit.framework in Frameworks */,
			);
			runOnlyForDeploymentPostprocessing = 0;
		};
/* End PBXFrameworksBuildPhase section */

/* Begin PBXGroup section */
		F89644F02481567C000150BA = {
			isa = PBXGroup;
			children = (
				F89644FB2481567C000150BA /* RGB Color Picker */,
				F89644FA2481567C000150BA /* Products */,
				F8A1421F24841D37005DE0C6 /* Frameworks */,
			);
			sourceTree = "<group>";
		};
		F89644FA2481567C000150BA /* Products */ = {
			isa = PBXGroup;
			children = (
				F89644F92481567C000150BA /* RGB Color Picker.app */,
			);
			name = Products;
			sourceTree = "<group>";
		};
		F89644FB2481567C000150BA /* RGB Color Picker */ = {
			isa = PBXGroup;
			children = (
				F89644FC2481567C000150BA /* AppDelegate.swift */,
				F89644FE2481567C000150BA /* SceneDelegate.swift */,
				F89645002481567C000150BA /* ViewController.swift */,
				F8A1421D24841C30005DE0C6 /* RGB_InfoViewController.swift */,
				F89645022481567C000150BA /* Main.storyboard */,
				F89645052481567C000150BA /* Assets.xcassets */,
				F89645072481567C000150BA /* LaunchScreen.storyboard */,
				F896450A2481567C000150BA /* Info.plist */,
			);
			path = "RGB Color Picker";
			sourceTree = "<group>";
		};
		F8A1421F24841D37005DE0C6 /* Frameworks */ = {
			isa = PBXGroup;
			children = (
				F8A1422024841D37005DE0C6 /* WebKit.framework */,
			);
			name = Frameworks;
			sourceTree = "<group>";
		};
/* End PBXGroup section */

/* Begin PBXNativeTarget section */
		F89644F82481567C000150BA /* RGB Color Picker */ = {
			isa = PBXNativeTarget;
			buildConfigurationList = F896450D2481567C000150BA /* Build configuration list for PBXNativeTarget "RGB Color Picker" */;
			buildPhases = (
				F89644F52481567C000150BA /* Sources */,
				F89644F62481567C000150BA /* Frameworks */,
				F89644F72481567C000150BA /* Resources */,
			);
			buildRules = (
			);
			dependencies = (
			);
			name = "RGB Color Picker";
			productName = "RGB Color Picker";
			productReference = F89644F92481567C000150BA /* RGB Color Picker.app */;
			productType = "com.apple.product-type.application";
		};
/* End PBXNativeTarget section */

/* Begin PBXProject section */
		F89644F12481567C000150BA /* Project object */ = {
			isa = PBXProject;
			attributes = {
				LastSwiftUpdateCheck = 1150;
				LastUpgradeCheck = 1150;
				ORGANIZATIONNAME = JcCorp;
				TargetAttributes = {
					F89644F82481567C000150BA = {
						CreatedOnToolsVersion = 11.5;
					};
				};
			};
			buildConfigurationList = F89644F42481567C000150BA /* Build configuration list for PBXProject "RGB Color Picker" */;
			compatibilityVersion = "Xcode 9.3";
			developmentRegion = en;
			hasScannedForEncodings = 0;
			knownRegions = (
				en,
				Base,
			);
			mainGroup = F89644F02481567C000150BA;
			productRefGroup = F89644FA2481567C000150BA /* Products */;
			projectDirPath = "";
			projectRoot = "";
			targets = (
				F89644F82481567C000150BA /* RGB Color Picker */,
			);
		};
/* End PBXProject section */

/* Begin PBXResourcesBuildPhase section */
		F89644F72481567C000150BA /* Resources */ = {
			isa = PBXResourcesBuildPhase;
			buildActionMask = 2147483647;
			files = (
				F89645092481567C000150BA /* LaunchScreen.storyboard in Resources */,
				F89645062481567C000150BA /* Assets.xcassets in Resources */,
				F89645042481567C000150BA /* Main.storyboard in Resources */,
			);
			runOnlyForDeploymentPostprocessing = 0;
		};
/* End PBXResourcesBuildPhase section */

/* Begin PBXSourcesBuildPhase section */
		F89644F52481567C000150BA /* Sources */ = {
			isa = PBXSourcesBuildPhase;
			buildActionMask = 2147483647;
			files = (
				F8A1421E24841C30005DE0C6 /* RGB_InfoViewController.swift in Sources */,
				F89645012481567C000150BA /* ViewController.swift in Sources */,
				F89644FD2481567C000150BA /* AppDelegate.swift in Sources */,
				F89644FF2481567C000150BA /* SceneDelegate.swift in Sources */,
			);
			runOnlyForDeploymentPostprocessing = 0;
		};
/* End PBXSourcesBuildPhase section */

/* Begin PBXVariantGroup section */
		F89645022481567C000150BA /* Main.storyboard */ = {
			isa = PBXVariantGroup;
			children = (
				F89645032481567C000150BA /* Base */,
			);
			name = Main.storyboard;
			sourceTree = "<group>";
		};
		F89645072481567C000150BA /* LaunchScreen.storyboard */ = {
			isa = PBXVariantGroup;
			children = (
				F89645082481567C000150BA /* Base */,
			);
			name = LaunchScreen.storyboard;
			sourceTree = "<group>";
		};
/* End PBXVariantGroup section */

/* Begin XCBuildConfiguration section */
		F896450B2481567C000150BA /* Debug */ = {
			isa = XCBuildConfiguration;
			buildSettings = {
				ALWAYS_SEARCH_USER_PATHS = NO;
				CLANG_ANALYZER_NONNULL = YES;
				CLANG_ANALYZER_NUMBER_OBJECT_CONVERSION = YES_AGGRESSIVE;
				CLANG_CXX_LANGUAGE_STANDARD = "gnu++14";
				CLANG_CXX_LIBRARY = "libc++";
				CLANG_ENABLE_MODULES = YES;
				CLANG_ENABLE_OBJC_ARC = YES;
				CLANG_ENABLE_OBJC_WEAK = YES;
				CLANG_WARN_BLOCK_CAPTURE_AUTORELEASING = YES;
				CLANG_WARN_BOOL_CONVERSION = YES;
				CLANG_WARN_COMMA = YES;
				CLANG_WARN_CONSTANT_CONVERSION = YES;
				CLANG_WARN_DEPRECATED_OBJC_IMPLEMENTATIONS = YES;
				CLANG_WARN_DIRECT_OBJC_ISA_USAGE = YES_ERROR;
				CLANG_WARN_DOCUMENTATION_COMMENTS = YES;
				CLANG_WARN_EMPTY_BODY = YES;
				CLANG_WARN_ENUM_CONVERSION = YES;
				CLANG_WARN_INFINITE_RECURSION = YES;
				CLANG_WARN_INT_CONVERSION = YES;
				CLANG_WARN_NON_LITERAL_NULL_CONVERSION = YES;
				CLANG_WARN_OBJC_IMPLICIT_RETAIN_SELF = YES;
				CLANG_WARN_OBJC_LITERAL_CONVERSION = YES;
				CLANG_WARN_OBJC_ROOT_CLASS = YES_ERROR;
				CLANG_WARN_RANGE_LOOP_ANALYSIS = YES;
				CLANG_WARN_STRICT_PROTOTYPES = YES;
				CLANG_WARN_SUSPICIOUS_MOVE = YES;
				CLANG_WARN_UNGUARDED_AVAILABILITY = YES_AGGRESSIVE;
				CLANG_WARN_UNREACHABLE_CODE = YES;
				CLANG_WARN__DUPLICATE_METHOD_MATCH = YES;
				COPY_PHASE_STRIP = NO;
				DEBUG_INFORMATION_FORMAT = dwarf;
				ENABLE_STRICT_OBJC_MSGSEND = YES;
				ENABLE_TESTABILITY = YES;
				GCC_C_LANGUAGE_STANDARD = gnu11;
				GCC_DYNAMIC_NO_PIC = NO;
				GCC_NO_COMMON_BLOCKS = YES;
				GCC_OPTIMIZATION_LEVEL = 0;
				GCC_PREPROCESSOR_DEFINITIONS = (
					"DEBUG=1",
					"$(inherited)",
				);
				GCC_WARN_64_TO_32_BIT_CONVERSION = YES;
				GCC_WARN_ABOUT_RETURN_TYPE = YES_ERROR;
				GCC_WARN_UNDECLARED_SELECTOR = YES;
				GCC_WARN_UNINITIALIZED_AUTOS = YES_AGGRESSIVE;
				GCC_WARN_UNUSED_FUNCTION = YES;
				GCC_WARN_UNUSED_VARIABLE = YES;
				IPHONEOS_DEPLOYMENT_TARGET = 13.5;
				MTL_ENABLE_DEBUG_INFO = INCLUDE_SOURCE;
				MTL_FAST_MATH = YES;
				ONLY_ACTIVE_ARCH = YES;
				SDKROOT = iphoneos;
				SWIFT_ACTIVE_COMPILATION_CONDITIONS = DEBUG;
				SWIFT_OPTIMIZATION_LEVEL = "-Onone";
			};
			name = Debug;
		};
		F896450C2481567C000150BA /* Release */ = {
			isa = XCBuildConfiguration;
			buildSettings = {
				ALWAYS_SEARCH_USER_PATHS = NO;
				CLANG_ANALYZER_NONNULL = YES;
				CLANG_ANALYZER_NUMBER_OBJECT_CONVERSION = YES_AGGRESSIVE;
				CLANG_CXX_LANGUAGE_STANDARD = "gnu++14";
				CLANG_CXX_LIBRARY = "libc++";
				CLANG_ENABLE_MODULES = YES;
				CLANG_ENABLE_OBJC_ARC = YES;
				CLANG_ENABLE_OBJC_WEAK = YES;
				CLANG_WARN_BLOCK_CAPTURE_AUTORELEASING = YES;
				CLANG_WARN_BOOL_CONVERSION = YES;
				CLANG_WARN_COMMA = YES;
				CLANG_WARN_CONSTANT_CONVERSION = YES;
				CLANG_WARN_DEPRECATED_OBJC_IMPLEMENTATIONS = YES;
				CLANG_WARN_DIRECT_OBJC_ISA_USAGE = YES_ERROR;
				CLANG_WARN_DOCUMENTATION_COMMENTS = YES;
				CLANG_WARN_EMPTY_BODY = YES;
				CLANG_WARN_ENUM_CONVERSION = YES;
				CLANG_WARN_INFINITE_RECURSION = YES;
				CLANG_WARN_INT_CONVERSION = YES;
				CLANG_WARN_NON_LITERAL_NULL_CONVERSION = YES;
				CLANG_WARN_OBJC_IMPLICIT_RETAIN_SELF = YES;
				CLANG_WARN_OBJC_LITERAL_CONVERSION = YES;
				CLANG_WARN_OBJC_ROOT_CLASS = YES_ERROR;
				CLANG_WARN_RANGE_LOOP_ANALYSIS = YES;
				CLANG_WARN_STRICT_PROTOTYPES = YES;
				CLANG_WARN_SUSPICIOUS_MOVE = YES;
				CLANG_WARN_UNGUARDED_AVAILABILITY = YES_AGGRESSIVE;
				CLANG_WARN_UNREACHABLE_CODE = YES;
				CLANG_WARN__DUPLICATE_METHOD_MATCH = YES;
				COPY_PHASE_STRIP = NO;
				DEBUG_INFORMATION_FORMAT = "dwarf-with-dsym";
				ENABLE_NS_ASSERTIONS = NO;
				ENABLE_STRICT_OBJC_MSGSEND = YES;
				GCC_C_LANGUAGE_STANDARD = gnu11;
				GCC_NO_COMMON_BLOCKS = YES;
				GCC_WARN_64_TO_32_BIT_CONVERSION = YES;
				GCC_WARN_ABOUT_RETURN_TYPE = YES_ERROR;
				GCC_WARN_UNDECLARED_SELECTOR = YES;
				GCC_WARN_UNINITIALIZED_AUTOS = YES_AGGRESSIVE;
				GCC_WARN_UNUSED_FUNCTION = YES;
				GCC_WARN_UNUSED_VARIABLE = YES;
				IPHONEOS_DEPLOYMENT_TARGET = 13.5;
				MTL_ENABLE_DEBUG_INFO = NO;
				MTL_FAST_MATH = YES;
				SDKROOT = iphoneos;
				SWIFT_COMPILATION_MODE = wholemodule;
				SWIFT_OPTIMIZATION_LEVEL = "-O";
				VALIDATE_PRODUCT = YES;
			};
			name = Release;
		};
		F896450E2481567C000150BA /* Debug */ = {
			isa = XCBuildConfiguration;
			buildSettings = {
				ASSETCATALOG_COMPILER_APPICON_NAME = AppIcon;
				CODE_SIGN_STYLE = Automatic;
				DEVELOPMENT_TEAM = XZJTGS3MG8;
				INFOPLIST_FILE = "RGB Color Picker/Info.plist";
				LD_RUNPATH_SEARCH_PATHS = (
					"$(inherited)",
					"@executable_path/Frameworks",
				);
				PRODUCT_BUNDLE_IDENTIFIER = "com.jaronGrigsby.RGB-Color-Picker";
				PRODUCT_NAME = "$(TARGET_NAME)";
				SWIFT_VERSION = 5.0;
				TARGETED_DEVICE_FAMILY = "1,2";
			};
			name = Debug;
		};
		F896450F2481567C000150BA /* Release */ = {
			isa = XCBuildConfiguration;
			buildSettings = {
				ASSETCATALOG_COMPILER_APPICON_NAME = AppIcon;
				CODE_SIGN_STYLE = Automatic;
				DEVELOPMENT_TEAM = XZJTGS3MG8;
				INFOPLIST_FILE = "RGB Color Picker/Info.plist";
				LD_RUNPATH_SEARCH_PATHS = (
					"$(inherited)",
					"@executable_path/Frameworks",
				);
				PRODUCT_BUNDLE_IDENTIFIER = "com.jaronGrigsby.RGB-Color-Picker";
				PRODUCT_NAME = "$(TARGET_NAME)";
				SWIFT_VERSION = 5.0;
				TARGETED_DEVICE_FAMILY = "1,2";
			};
			name = Release;
		};
/* End XCBuildConfiguration section */

/* Begin XCConfigurationList section */
		F89644F42481567C000150BA /* Build configuration list for PBXProject "RGB Color Picker" */ = {
			isa = XCConfigurationList;
			buildConfigurations = (
				F896450B2481567C000150BA /* Debug */,
				F896450C2481567C000150BA /* Release */,
			);
			defaultConfigurationIsVisible = 0;
			defaultConfigurationName = Release;
		};
		F896450D2481567C000150BA /* Build configuration list for PBXNativeTarget "RGB Color Picker" */ = {
			isa = XCConfigurationList;
			buildConfigurations = (
				F896450E2481567C000150BA /* Debug */,
				F896450F2481567C000150BA /* Release */,
			);
			defaultConfigurationIsVisible = 0;
			defaultConfigurationName = Release;
		};
/* End XCConfigurationList section */
	};
	rootObject = F89644F12481567C000150BA /* Project object */;
}
